
Microsoft Visual Studio Solution File, Format Version 12.00
# Visual Studio Version 16
VisualStudioVersion = 25.0.1700.6
MinimumVisualStudioVersion = 10.0.40219.1
Project("{FAE04EC0-301F-11D3-BF4B-00C04F79EFBC}") = "ECOL", "ECOL\ECOL.csproj", "{D4AE3DDD-1559-48DD-9503-B0302B62D09D}"
EndProject
Global
	GlobalSection(SolutionConfigurationPlatforms) = preSolution
		Debug|Any CPU = Debug|Any CPU
		Release|Any CPU = Release|Any CPU
	EndGlobalSection
	GlobalSection(ProjectConfigurationPlatforms) = postSolution
		{D4AE3DDD-1559-48DD-9503-B0302B62D09D}.Debug|Any CPU.ActiveCfg = Debug|Any CPU
		{D4AE3DDD-1559-48DD-9503-B0302B62D09D}.Debug|Any CPU.Build.0 = Debug|Any CPU
		{D4AE3DDD-1559-48DD-9503-B0302B62D09D}.Release|Any CPU.ActiveCfg = Release|Any CPU
		{D4AE3DDD-1559-48DD-9503-B0302B62D09D}.Release|Any CPU.Build.0 = Release|Any CPU
	EndGlobalSection
	GlobalSection(SolutionProperties) = preSolution
		HideSolutionNode = FALSE
	EndGlobalSection
	GlobalSection(ExtensibilityGlobals) = postSolution
		SolutionGuid = {E148FD59-52DB-442D-9879-1E1C440C3476}
	EndGlobalSection
EndGlobal
